
Microsoft Visual Studio Solution File, Format Version 12.00
# Visual Studio Version 16
VisualStudioVersion = 16.0.30717.126
MinimumVisualStudioVersion = 10.0.40219.1
Project("{FAE04EC0-301F-11D3-BF4B-00C04F79EFBC}") = "Map coloring CSP", "Map coloring CSP\Map coloring CSP.csproj", "{1BD59462-B66D-4E04-9F39-20D0CC97CE77}"
EndProject
Global
	GlobalSection(SolutionConfigurationPlatforms) = preSolution
		Debug|Any CPU = Debug|Any CPU
		Release|Any CPU = Release|Any CPU
	EndGlobalSection
	GlobalSection(ProjectConfigurationPlatforms) = postSolution
		{1BD59462-B66D-4E04-9F39-20D0CC97CE77}.Debug|Any CPU.ActiveCfg = Debug|Any CPU
		{1BD59462-B66D-4E04-9F39-20D0CC97CE77}.Debug|Any CPU.Build.0 = Debug|Any CPU
		{1BD59462-B66D-4E04-9F39-20D0CC97CE77}.Release|Any CPU.ActiveCfg = Release|Any CPU
		{1BD59462-B66D-4E04-9F39-20D0CC97CE77}.Release|Any CPU.Build.0 = Release|Any CPU
	EndGlobalSection
	GlobalSection(SolutionProperties) = preSolution
		HideSolutionNode = FALSE
	EndGlobalSection
	GlobalSection(ExtensibilityGlobals) = postSolution
		SolutionGuid = {B0F2B775-9995-483C-9AE5-34ABAE97232F}
	EndGlobalSection
EndGlobal
